
Microsoft Visual Studio Solution File, Format Version 12.00
# Visual Studio Version 17
VisualStudioVersion = 17.10.35013.160
MinimumVisualStudioVersion = 10.0.40219.1
Project("{FAE04EC0-301F-11D3-BF4B-00C04F79EFBC}") = "Earth", "Earth\Earth.csproj", "{68F55F5C-CCBE-4616-A8A3-15CA2A0B1704}"
EndProject
Global
	GlobalSection(SolutionConfigurationPlatforms) = preSolution
		Debug|Any CPU = Debug|Any CPU
		Release|Any CPU = Release|Any CPU
	EndGlobalSection
	GlobalSection(ProjectConfigurationPlatforms) = postSolution
		{68F55F5C-CCBE-4616-A8A3-15CA2A0B1704}.Debug|Any CPU.ActiveCfg = Debug|Any CPU
		{68F55F5C-CCBE-4616-A8A3-15CA2A0B1704}.Debug|Any CPU.Build.0 = Debug|Any CPU
		{68F55F5C-CCBE-4616-A8A3-15CA2A0B1704}.Release|Any CPU.ActiveCfg = Release|Any CPU
		{68F55F5C-CCBE-4616-A8A3-15CA2A0B1704}.Release|Any CPU.Build.0 = Release|Any CPU
	EndGlobalSection
	GlobalSection(SolutionProperties) = preSolution
		HideSolutionNode = FALSE
	EndGlobalSection
	GlobalSection(ExtensibilityGlobals) = postSolution
		SolutionGuid = {6E789F3F-C2B7-4876-81B7-B6617FF1C109}
	EndGlobalSection
EndGlobal
